
Microsoft Visual Studio Solution File, Format Version 12.00
# Visual Studio 15
VisualStudioVersion = 15.0.26124.0
MinimumVisualStudioVersion = 15.0.26124.0
Project("{FAE04EC0-301F-11D3-BF4B-00C04F79EFBC}") = "Mercadinho.Dominio", "Mercadinho.Dominio\Mercadinho.Dominio.csproj", "{57EF4D3A-508D-4F88-9D4D-E067155BCD30}"
EndProject
Project("{FAE04EC0-301F-11D3-BF4B-00C04F79EFBC}") = "Mercadinho.Repositorio", "Mercadinho.Repositorio\Mercadinho.Repositorio.csproj", "{ABBB6410-0897-4ECB-8723-1A9EE5526A0A}"
EndProject
Project("{FAE04EC0-301F-11D3-BF4B-00C04F79EFBC}") = "Mercadinho.web", "Mercadinho.Web\Mercadinho.web.csproj", "{19D11E6D-3903-48AF-8CC7-5A8E1B79E585}"
EndProject
Global
	GlobalSection(SolutionConfigurationPlatforms) = preSolution
		Debug|Any CPU = Debug|Any CPU
		Debug|x64 = Debug|x64
		Debug|x86 = Debug|x86
		Release|Any CPU = Release|Any CPU
		Release|x64 = Release|x64
		Release|x86 = Release|x86
	EndGlobalSection
	GlobalSection(SolutionProperties) = preSolution
		HideSolutionNode = FALSE
	EndGlobalSection
	GlobalSection(ProjectConfigurationPlatforms) = postSolution
		{57EF4D3A-508D-4F88-9D4D-E067155BCD30}.Debug|Any CPU.ActiveCfg = Debug|Any CPU
		{57EF4D3A-508D-4F88-9D4D-E067155BCD30}.Debug|Any CPU.Build.0 = Debug|Any CPU
		{57EF4D3A-508D-4F88-9D4D-E067155BCD30}.Debug|x64.ActiveCfg = Debug|Any CPU
		{57EF4D3A-508D-4F88-9D4D-E067155BCD30}.Debug|x64.Build.0 = Debug|Any CPU
		{57EF4D3A-508D-4F88-9D4D-E067155BCD30}.Debug|x86.ActiveCfg = Debug|Any CPU
		{57EF4D3A-508D-4F88-9D4D-E067155BCD30}.Debug|x86.Build.0 = Debug|Any CPU
		{57EF4D3A-508D-4F88-9D4D-E067155BCD30}.Release|Any CPU.ActiveCfg = Release|Any CPU
		{57EF4D3A-508D-4F88-9D4D-E067155BCD30}.Release|Any CPU.Build.0 = Release|Any CPU
		{57EF4D3A-508D-4F88-9D4D-E067155BCD30}.Release|x64.ActiveCfg = Release|Any CPU
		{57EF4D3A-508D-4F88-9D4D-E067155BCD30}.Release|x64.Build.0 = Release|Any CPU
		{57EF4D3A-508D-4F88-9D4D-E067155BCD30}.Release|x86.ActiveCfg = Release|Any CPU
		{57EF4D3A-508D-4F88-9D4D-E067155BCD30}.Release|x86.Build.0 = Release|Any CPU
		{ABBB6410-0897-4ECB-8723-1A9EE5526A0A}.Debug|Any CPU.ActiveCfg = Debug|Any CPU
		{ABBB6410-0897-4ECB-8723-1A9EE5526A0A}.Debug|Any CPU.Build.0 = Debug|Any CPU
		{ABBB6410-0897-4ECB-8723-1A9EE5526A0A}.Debug|x64.ActiveCfg = Debug|Any CPU
		{ABBB6410-0897-4ECB-8723-1A9EE5526A0A}.Debug|x64.Build.0 = Debug|Any CPU
		{ABBB6410-0897-4ECB-8723-1A9EE5526A0A}.Debug|x86.ActiveCfg = Debug|Any CPU
		{ABBB6410-0897-4ECB-8723-1A9EE5526A0A}.Debug|x86.Build.0 = Debug|Any CPU
		{ABBB6410-0897-4ECB-8723-1A9EE5526A0A}.Release|Any CPU.ActiveCfg = Release|Any CPU
		{ABBB6410-0897-4ECB-8723-1A9EE5526A0A}.Release|Any CPU.Build.0 = Release|Any CPU
		{ABBB6410-0897-4ECB-8723-1A9EE5526A0A}.Release|x64.ActiveCfg = Release|Any CPU
		{ABBB6410-0897-4ECB-8723-1A9EE5526A0A}.Release|x64.Build.0 = Release|Any CPU
		{ABBB6410-0897-4ECB-8723-1A9EE5526A0A}.Release|x86.ActiveCfg = Release|Any CPU
		{ABBB6410-0897-4ECB-8723-1A9EE5526A0A}.Release|x86.Build.0 = Release|Any CPU
		{19D11E6D-3903-48AF-8CC7-5A8E1B79E585}.Debug|Any CPU.ActiveCfg = Debug|Any CPU
		{19D11E6D-3903-48AF-8CC7-5A8E1B79E585}.Debug|Any CPU.Build.0 = Debug|Any CPU
		{19D11E6D-3903-48AF-8CC7-5A8E1B79E585}.Debug|x64.ActiveCfg = Debug|Any CPU
		{19D11E6D-3903-48AF-8CC7-5A8E1B79E585}.Debug|x64.Build.0 = Debug|Any CPU
		{19D11E6D-3903-48AF-8CC7-5A8E1B79E585}.Debug|x86.ActiveCfg = Debug|Any CPU
		{19D11E6D-3903-48AF-8CC7-5A8E1B79E585}.Debug|x86.Build.0 = Debug|Any CPU
		{19D11E6D-3903-48AF-8CC7-5A8E1B79E585}.Release|Any CPU.ActiveCfg = Release|Any CPU
		{19D11E6D-3903-48AF-8CC7-5A8E1B79E585}.Release|Any CPU.Build.0 = Release|Any CPU
		{19D11E6D-3903-48AF-8CC7-5A8E1B79E585}.Release|x64.ActiveCfg = Release|Any CPU
		{19D11E6D-3903-48AF-8CC7-5A8E1B79E585}.Release|x64.Build.0 = Release|Any CPU
		{19D11E6D-3903-48AF-8CC7-5A8E1B79E585}.Release|x86.ActiveCfg = Release|Any CPU
		{19D11E6D-3903-48AF-8CC7-5A8E1B79E585}.Release|x86.Build.0 = Release|Any CPU
	EndGlobalSection
EndGlobal
